
Microsoft Visual Studio Solution File, Format Version 12.00
# Visual Studio Version 16
VisualStudioVersion = 16.0.32002.261
MinimumVisualStudioVersion = 10.0.40219.1
Project("{888888A0-9F3D-457C-B088-3A5042F75D52}") = "StackQueue-1.FunctionDevelopment", "StackQueue-1.FunctionDevelopment.pyproj", "{983AE1AD-1DB6-4E13-81AE-524EF131ABD7}"
EndProject
Global
	GlobalSection(SolutionConfigurationPlatforms) = preSolution
		Debug|Any CPU = Debug|Any CPU
		Release|Any CPU = Release|Any CPU
	EndGlobalSection
	GlobalSection(ProjectConfigurationPlatforms) = postSolution
		{983AE1AD-1DB6-4E13-81AE-524EF131ABD7}.Debug|Any CPU.ActiveCfg = Debug|Any CPU
		{983AE1AD-1DB6-4E13-81AE-524EF131ABD7}.Release|Any CPU.ActiveCfg = Release|Any CPU
	EndGlobalSection
	GlobalSection(SolutionProperties) = preSolution
		HideSolutionNode = FALSE
	EndGlobalSection
	GlobalSection(ExtensibilityGlobals) = postSolution
		SolutionGuid = {52FD96D4-8D46-494F-B418-655E0943FB7A}
	EndGlobalSection
EndGlobal
