
Microsoft Visual Studio Solution File, Format Version 12.00
# Visual Studio Version 16
VisualStudioVersion = 16.0.32002.261
MinimumVisualStudioVersion = 10.0.40219.1
Project("{888888A0-9F3D-457C-B088-3A5042F75D52}") = "Greedy-1.GymSuit", "Greedy-1.GymSuit.pyproj", "{504D663F-4366-492E-B3D2-9778C3A9CA36}"
EndProject
Global
	GlobalSection(SolutionConfigurationPlatforms) = preSolution
		Debug|Any CPU = Debug|Any CPU
		Release|Any CPU = Release|Any CPU
	EndGlobalSection
	GlobalSection(ProjectConfigurationPlatforms) = postSolution
		{504D663F-4366-492E-B3D2-9778C3A9CA36}.Debug|Any CPU.ActiveCfg = Debug|Any CPU
		{504D663F-4366-492E-B3D2-9778C3A9CA36}.Release|Any CPU.ActiveCfg = Release|Any CPU
	EndGlobalSection
	GlobalSection(SolutionProperties) = preSolution
		HideSolutionNode = FALSE
	EndGlobalSection
	GlobalSection(ExtensibilityGlobals) = postSolution
		SolutionGuid = {57FDACAA-E4D9-4961-AA9A-34404782BBB3}
	EndGlobalSection
EndGlobal
